
Microsoft Visual Studio Solution File, Format Version 12.00
# Visual Studio 2013
VisualStudioVersion = 12.0.40629.0
MinimumVisualStudioVersion = 10.0.40219.1
Project("{FAE04EC0-301F-11D3-BF4B-00C04F79EFBC}") = "FluentAutomation.Extension", "FluentAutomation.Extension\FluentAutomation.Extension.csproj", "{789349EF-47F2-4461-831D-3A3E9573ECB7}"
EndProject
Global
	GlobalSection(SolutionConfigurationPlatforms) = preSolution
		Debug|Any CPU = Debug|Any CPU
		Release|Any CPU = Release|Any CPU
	EndGlobalSection
	GlobalSection(ProjectConfigurationPlatforms) = postSolution
		{789349EF-47F2-4461-831D-3A3E9573ECB7}.Debug|Any CPU.ActiveCfg = Debug|Any CPU
		{789349EF-47F2-4461-831D-3A3E9573ECB7}.Debug|Any CPU.Build.0 = Debug|Any CPU
		{789349EF-47F2-4461-831D-3A3E9573ECB7}.Release|Any CPU.ActiveCfg = Release|Any CPU
		{789349EF-47F2-4461-831D-3A3E9573ECB7}.Release|Any CPU.Build.0 = Release|Any CPU
	EndGlobalSection
	GlobalSection(SolutionProperties) = preSolution
		HideSolutionNode = FALSE
	EndGlobalSection
EndGlobal
